{
  "name": "command-tool",
  "version": "1.0.0",
  "lockfileVersion": 1,
  "requires": true,
  "dependencies": {
    "command": {
      "version": "0.0.5",
      "resolved": "https://registry.npmjs.org/command/-/command-0.0.5.tgz",
      "integrity": "sha1-ovmGpzaOJN4jdLSjkFQdLUjn7Lo=",
      "requires": {
        "merge-recursive": "0.0.3",
        "which": "1.0.5"
      }
    },
    "commander": {
      "version": "2.15.1",
      "resolved": "https://registry.npmjs.org/commander/-/commander-2.15.1.tgz",
      "integrity": "sha512-VlfT9F3V0v+jr4yxPc5gg9s62/fIVWsd2Bk2iD435um1NlGMYdVCq+MjcXnhYq2icNOizHr1kK+5TI6H0Hy0ag=="
    },
    "merge-recursive": {
      "version": "0.0.3",
      "resolved": "https://registry.npmjs.org/merge-recursive/-/merge-recursive-0.0.3.tgz",
      "integrity": "sha1-3nkB78rsyQbYyrKtHpxHD1o9roQ="
    },
    "which": {
      "version": "1.0.5",
      "resolved": "https://registry.npmjs.org/which/-/which-1.0.5.tgz",
      "integrity": "sha1-VjDWgZ3aaS8UZEYueVbLQsCEJzk="
    }
  }
}
